{
  "name": "@reqster/browser",
  "version": "0.3.3",
  "lockfileVersion": 1,
  "requires": true,
  "dependencies": {
    "@reqster/core": {
      "version": "0.3.3",
      "resolved": "https://registry.npmjs.org/@reqster/core/-/core-0.3.3.tgz",
      "integrity": "sha512-gyFq1tH3bYC3ERRNP7/CY3e5L1MDa2YXvMMYYfIJWgmuN3JbVvRC9ypJ+zPCtmudZSn9beOUUMRa5O3M/VFyRw=="
    },
    "typescript": {
      "version": "3.4.5",
      "resolved": "https://registry.npmjs.org/typescript/-/typescript-3.4.5.tgz",
      "integrity": "sha512-YycBxUb49UUhdNMU5aJ7z5Ej2XGmaIBL0x34vZ82fn3hGvD+bgrMrVDpatgz2f7YxUMJxMkbWxJZeAvDxVe7Vw==",
      "dev": true
    }
  }
}
