{
  "name": "@reqster/browser",
  "version": "0.1.2",
  "lockfileVersion": 1,
  "requires": true,
  "dependencies": {
    "@reqster/core": {
      "version": "0.1.4",
      "resolved": "https://registry.npmjs.org/@reqster/core/-/core-0.1.4.tgz",
      "integrity": "sha512-2C5ME3nBzUuTcEBcNYUjPbHypt9fz4+BuiS6WaC4XqPwjdkUn0xOz0qsJnUvV3ILVpxOacVismCgXH+oIZLJLw=="
    },
    "typescript": {
      "version": "3.4.5",
      "resolved": "https://registry.npmjs.org/typescript/-/typescript-3.4.5.tgz",
      "integrity": "sha512-YycBxUb49UUhdNMU5aJ7z5Ej2XGmaIBL0x34vZ82fn3hGvD+bgrMrVDpatgz2f7YxUMJxMkbWxJZeAvDxVe7Vw==",
      "dev": true
    }
  }
}
