{
  "name": "@reqster/browser",
  "version": "0.6.0",
  "lockfileVersion": 1,
  "requires": true,
  "dependencies": {
    "@reqster/core": {
      "version": "0.6.0",
      "resolved": "https://registry.npmjs.org/@reqster/core/-/core-0.6.0.tgz",
      "integrity": "sha512-S7kUARo8DZHO+GPc7KdW/a2HLlx20g5qvL9I1n/Jtq8QnVYQ/082ImFgOyhMdwvBmHvJZYU9nyPfxGqrj8mPgg=="
    },
    "typescript": {
      "version": "3.5.3",
      "resolved": "https://registry.npmjs.org/typescript/-/typescript-3.5.3.tgz",
      "integrity": "sha512-ACzBtm/PhXBDId6a6sDJfroT2pOWt/oOnk4/dElG5G33ZL776N3Y6/6bKZJBFpd+b05F3Ct9qDjMeJmRWtE2/g==",
      "dev": true
    }
  }
}
