{
  "name": "@reqster/browser",
  "version": "0.3.3",
  "lockfileVersion": 1,
  "requires": true,
  "dependencies": {
    "@reqster/core": {
      "version": "0.4.2",
      "resolved": "https://registry.npmjs.org/@reqster/core/-/core-0.4.2.tgz",
      "integrity": "sha512-HeiHvlvhXdoqCzlVD2qLXZ1jbUNJde1V+MUVhjWL+M6K85/y71dxZxWjJra5Npj6grUEXZ02vlPgp/t661d+EQ=="
    },
    "typescript": {
      "version": "3.5.2",
      "resolved": "https://registry.npmjs.org/typescript/-/typescript-3.5.2.tgz",
      "integrity": "sha512-7KxJovlYhTX5RaRbUdkAXN1KUZ8PwWlTzQdHV6xNqvuFOs7+WBo10TQUqT19Q/Jz2hk5v9TQDIhyLhhJY4p5AA==",
      "dev": true
    }
  }
}
